// !$*UTF8*$!
{
	archiveVersion = 1;
	classes = {
	};
	objectVersion = 46;
	objects = {

/* Begin PBXBuildFile section */
		2B1945751B07F4CC00C2DD92 /* AppDelegate.swift in Sources */ = {isa = PBXBuildFile; fileRef = 2B1945741B07F4CC00C2DD92 /* AppDelegate.swift */; };
		2B1945781B07F4CC00C2DD92 /* wildlights.xcdatamodeld in Sources */ = {isa = PBXBuildFile; fileRef = 2B1945761B07F4CC00C2DD92 /* wildlights.xcdatamodeld */; };
		2B19457A1B07F4CC00C2DD92 /* ViewController.swift in Sources */ = {isa = PBXBuildFile; fileRef = 2B1945791B07F4CC00C2DD92 /* ViewController.swift */; };
		2B19457D1B07F4CC00C2DD92 /* Main.storyboard in Resources */ = {isa = PBXBuildFile; fileRef = 2B19457B1B07F4CC00C2DD92 /* Main.storyboard */; };
		2B19457F1B07F4CC00C2DD92 /* Images.xcassets in Resources */ = {isa = PBXBuildFile; fileRef = 2B19457E1B07F4CC00C2DD92 /* Images.xcassets */; };
		2B1945821B07F4CC00C2DD92 /* LaunchScreen.xib in Resources */ = {isa = PBXBuildFile; fileRef = 2B1945801B07F4CC00C2DD92 /* LaunchScreen.xib */; };
		2B19458E1B07F4CD00C2DD92 /* wildlightsTests.swift in Sources */ = {isa = PBXBuildFile; fileRef = 2B19458D1B07F4CD00C2DD92 /* wildlightsTests.swift */; };
		2B1945991B07F51900C2DD92 /* BTDiscovery.swift in Sources */ = {isa = PBXBuildFile; fileRef = 2B1945971B07F51900C2DD92 /* BTDiscovery.swift */; };
		2B19459A1B07F51900C2DD92 /* BTService.swift in Sources */ = {isa = PBXBuildFile; fileRef = 2B1945981B07F51900C2DD92 /* BTService.swift */; };
		2B19459E1B0805DE00C2DD92 /* LedStrip.swift in Sources */ = {isa = PBXBuildFile; fileRef = 2B19459D1B0805DE00C2DD92 /* LedStrip.swift */; };
		2B1945A01B0806E900C2DD92 /* LedProgram.swift in Sources */ = {isa = PBXBuildFile; fileRef = 2B19459F1B0806E900C2DD92 /* LedProgram.swift */; };
		2B1945A21B092A7900C2DD92 /* LEDStreamService.swift in Sources */ = {isa = PBXBuildFile; fileRef = 2B1945A11B092A7900C2DD92 /* LEDStreamService.swift */; };
		2B94F6F51B0A192C00D6DDB3 /* DesktopCollectionViewController.swift in Sources */ = {isa = PBXBuildFile; fileRef = 2B94F6F41B0A192C00D6DDB3 /* DesktopCollectionViewController.swift */; };
		2B94F6F81B0A1DF000D6DDB3 /* DeviceCollectionViewCell.swift in Sources */ = {isa = PBXBuildFile; fileRef = 2B94F6F71B0A1DF000D6DDB3 /* DeviceCollectionViewCell.swift */; };
/* End PBXBuildFile section */

/* Begin PBXContainerItemProxy section */
		2B1945881B07F4CC00C2DD92 /* PBXContainerItemProxy */ = {
			isa = PBXContainerItemProxy;
			containerPortal = 2B1945671B07F4CC00C2DD92 /* Project object */;
			proxyType = 1;
			remoteGlobalIDString = 2B19456E1B07F4CC00C2DD92;
			remoteInfo = wildlights;
		};
/* End PBXContainerItemProxy section */

/* Begin PBXFileReference section */
		2B19456F1B07F4CC00C2DD92 /* wildlights.app */ = {isa = PBXFileReference; explicitFileType = wrapper.application; includeInIndex = 0; path = wildlights.app; sourceTree = BUILT_PRODUCTS_DIR; };
		2B1945731B07F4CC00C2DD92 /* Info.plist */ = {isa = PBXFileReference; lastKnownFileType = text.plist.xml; path = Info.plist; sourceTree = "<group>"; };
		2B1945741B07F4CC00C2DD92 /* AppDelegate.swift */ = {isa = PBXFileReference; lastKnownFileType = sourcecode.swift; path = AppDelegate.swift; sourceTree = "<group>"; };
		2B1945771B07F4CC00C2DD92 /* wildlights.xcdatamodel */ = {isa = PBXFileReference; lastKnownFileType = wrapper.xcdatamodel; path = wildlights.xcdatamodel; sourceTree = "<group>"; };
		2B1945791B07F4CC00C2DD92 /* ViewController.swift */ = {isa = PBXFileReference; lastKnownFileType = sourcecode.swift; path = ViewController.swift; sourceTree = "<group>"; };
		2B19457C1B07F4CC00C2DD92 /* Base */ = {isa = PBXFileReference; lastKnownFileType = file.storyboard; name = Base; path = Base.lproj/Main.storyboard; sourceTree = "<group>"; };
		2B19457E1B07F4CC00C2DD92 /* Images.xcassets */ = {isa = PBXFileReference; lastKnownFileType = folder.assetcatalog; path = Images.xcassets; sourceTree = "<group>"; };
		2B1945811B07F4CC00C2DD92 /* Base */ = {isa = PBXFileReference; lastKnownFileType = file.xib; name = Base; path = Base.lproj/LaunchScreen.xib; sourceTree = "<group>"; };
		2B1945871B07F4CC00C2DD92 /* wildlightsTests.xctest */ = {isa = PBXFileReference; explicitFileType = wrapper.cfbundle; includeInIndex = 0; path = wildlightsTests.xctest; sourceTree = BUILT_PRODUCTS_DIR; };
		2B19458C1B07F4CC00C2DD92 /* Info.plist */ = {isa = PBXFileReference; lastKnownFileType = text.plist.xml; path = Info.plist; sourceTree = "<group>"; };
		2B19458D1B07F4CD00C2DD92 /* wildlightsTests.swift */ = {isa = PBXFileReference; lastKnownFileType = sourcecode.swift; path = wildlightsTests.swift; sourceTree = "<group>"; };
		2B1945971B07F51900C2DD92 /* BTDiscovery.swift */ = {isa = PBXFileReference; fileEncoding = 4; lastKnownFileType = sourcecode.swift; path = BTDiscovery.swift; sourceTree = "<group>"; };
		2B1945981B07F51900C2DD92 /* BTService.swift */ = {isa = PBXFileReference; fileEncoding = 4; lastKnownFileType = sourcecode.swift; path = BTService.swift; sourceTree = "<group>"; };
		2B19459D1B0805DE00C2DD92 /* LedStrip.swift */ = {isa = PBXFileReference; fileEncoding = 4; lastKnownFileType = sourcecode.swift; path = LedStrip.swift; sourceTree = "<group>"; };
		2B19459F1B0806E900C2DD92 /* LedProgram.swift */ = {isa = PBXFileReference; fileEncoding = 4; lastKnownFileType = sourcecode.swift; path = LedProgram.swift; sourceTree = "<group>"; };
		2B1945A11B092A7900C2DD92 /* LEDStreamService.swift */ = {isa = PBXFileReference; fileEncoding = 4; lastKnownFileType = sourcecode.swift; path = LEDStreamService.swift; sourceTree = "<group>"; };
		2B94F6F41B0A192C00D6DDB3 /* DesktopCollectionViewController.swift */ = {isa = PBXFileReference; fileEncoding = 4; lastKnownFileType = sourcecode.swift; path = DesktopCollectionViewController.swift; sourceTree = "<group>"; };
		2B94F6F71B0A1DF000D6DDB3 /* DeviceCollectionViewCell.swift */ = {isa = PBXFileReference; fileEncoding = 4; lastKnownFileType = sourcecode.swift; path = DeviceCollectionViewCell.swift; sourceTree = "<group>"; };
/* End PBXFileReference section */

/* Begin PBXFrameworksBuildPhase section */
		2B19456C1B07F4CC00C2DD92 /* Frameworks */ = {
			isa = PBXFrameworksBuildPhase;
			buildActionMask = 2147483647;
			files = (
			);
			runOnlyForDeploymentPostprocessing = 0;
		};
		2B1945841B07F4CC00C2DD92 /* Frameworks */ = {
			isa = PBXFrameworksBuildPhase;
			buildActionMask = 2147483647;
			files = (
			);
			runOnlyForDeploymentPostprocessing = 0;
		};
/* End PBXFrameworksBuildPhase section */

/* Begin PBXGroup section */
		2B1945661B07F4CC00C2DD92 = {
			isa = PBXGroup;
			children = (
				2B1945711B07F4CC00C2DD92 /* wildlights */,
				2B19458A1B07F4CC00C2DD92 /* wildlightsTests */,
				2B1945701B07F4CC00C2DD92 /* Products */,
			);
			sourceTree = "<group>";
		};
		2B1945701B07F4CC00C2DD92 /* Products */ = {
			isa = PBXGroup;
			children = (
				2B19456F1B07F4CC00C2DD92 /* wildlights.app */,
				2B1945871B07F4CC00C2DD92 /* wildlightsTests.xctest */,
			);
			name = Products;
			sourceTree = "<group>";
		};
		2B1945711B07F4CC00C2DD92 /* wildlights */ = {
			isa = PBXGroup;
			children = (
				2B94F6F61B0A1DC600D6DDB3 /* DesktopView */,
				2B19459D1B0805DE00C2DD92 /* LedStrip.swift */,
				2B1945971B07F51900C2DD92 /* BTDiscovery.swift */,
				2B1945981B07F51900C2DD92 /* BTService.swift */,
				2B1945741B07F4CC00C2DD92 /* AppDelegate.swift */,
				2B1945791B07F4CC00C2DD92 /* ViewController.swift */,
				2B19457B1B07F4CC00C2DD92 /* Main.storyboard */,
				2B19457E1B07F4CC00C2DD92 /* Images.xcassets */,
				2B1945801B07F4CC00C2DD92 /* LaunchScreen.xib */,
				2B1945761B07F4CC00C2DD92 /* wildlights.xcdatamodeld */,
				2B1945721B07F4CC00C2DD92 /* Supporting Files */,
				2B19459F1B0806E900C2DD92 /* LedProgram.swift */,
				2B1945A11B092A7900C2DD92 /* LEDStreamService.swift */,
			);
			path = wildlights;
			sourceTree = "<group>";
		};
		2B1945721B07F4CC00C2DD92 /* Supporting Files */ = {
			isa = PBXGroup;
			children = (
				2B1945731B07F4CC00C2DD92 /* Info.plist */,
			);
			name = "Supporting Files";
			sourceTree = "<group>";
		};
		2B19458A1B07F4CC00C2DD92 /* wildlightsTests */ = {
			isa = PBXGroup;
			children = (
				2B19458D1B07F4CD00C2DD92 /* wildlightsTests.swift */,
				2B19458B1B07F4CC00C2DD92 /* Supporting Files */,
			);
			path = wildlightsTests;
			sourceTree = "<group>";
		};
		2B19458B1B07F4CC00C2DD92 /* Supporting Files */ = {
			isa = PBXGroup;
			children = (
				2B19458C1B07F4CC00C2DD92 /* Info.plist */,
			);
			name = "Supporting Files";
			sourceTree = "<group>";
		};
		2B94F6F61B0A1DC600D6DDB3 /* DesktopView */ = {
			isa = PBXGroup;
			children = (
				2B94F6F41B0A192C00D6DDB3 /* DesktopCollectionViewController.swift */,
				2B94F6F71B0A1DF000D6DDB3 /* DeviceCollectionViewCell.swift */,
			);
			name = DesktopView;
			sourceTree = "<group>";
		};
/* End PBXGroup section */

/* Begin PBXNativeTarget section */
		2B19456E1B07F4CC00C2DD92 /* wildlights */ = {
			isa = PBXNativeTarget;
			buildConfigurationList = 2B1945911B07F4CD00C2DD92 /* Build configuration list for PBXNativeTarget "wildlights" */;
			buildPhases = (
				2B19456B1B07F4CC00C2DD92 /* Sources */,
				2B19456C1B07F4CC00C2DD92 /* Frameworks */,
				2B19456D1B07F4CC00C2DD92 /* Resources */,
			);
			buildRules = (
			);
			dependencies = (
			);
			name = wildlights;
			productName = wildlights;
			productReference = 2B19456F1B07F4CC00C2DD92 /* wildlights.app */;
			productType = "com.apple.product-type.application";
		};
		2B1945861B07F4CC00C2DD92 /* wildlightsTests */ = {
			isa = PBXNativeTarget;
			buildConfigurationList = 2B1945941B07F4CD00C2DD92 /* Build configuration list for PBXNativeTarget "wildlightsTests" */;
			buildPhases = (
				2B1945831B07F4CC00C2DD92 /* Sources */,
				2B1945841B07F4CC00C2DD92 /* Frameworks */,
				2B1945851B07F4CC00C2DD92 /* Resources */,
			);
			buildRules = (
			);
			dependencies = (
				2B1945891B07F4CC00C2DD92 /* PBXTargetDependency */,
			);
			name = wildlightsTests;
			productName = wildlightsTests;
			productReference = 2B1945871B07F4CC00C2DD92 /* wildlightsTests.xctest */;
			productType = "com.apple.product-type.bundle.unit-test";
		};
/* End PBXNativeTarget section */

/* Begin PBXProject section */
		2B1945671B07F4CC00C2DD92 /* Project object */ = {
			isa = PBXProject;
			attributes = {
				LastUpgradeCheck = 0630;
				ORGANIZATIONNAME = "Bret Patterson";
				TargetAttributes = {
					2B19456E1B07F4CC00C2DD92 = {
						CreatedOnToolsVersion = 6.3.1;
						DevelopmentTeam = 5JCW52J4MV;
						SystemCapabilities = {
							com.apple.BackgroundModes = {
								enabled = 1;
							};
						};
					};
					2B1945861B07F4CC00C2DD92 = {
						CreatedOnToolsVersion = 6.3.1;
						TestTargetID = 2B19456E1B07F4CC00C2DD92;
					};
				};
			};
			buildConfigurationList = 2B19456A1B07F4CC00C2DD92 /* Build configuration list for PBXProject "wildlights" */;
			compatibilityVersion = "Xcode 3.2";
			developmentRegion = English;
			hasScannedForEncodings = 0;
			knownRegions = (
				en,
				Base,
			);
			mainGroup = 2B1945661B07F4CC00C2DD92;
			productRefGroup = 2B1945701B07F4CC00C2DD92 /* Products */;
			projectDirPath = "";
			projectRoot = "";
			targets = (
				2B19456E1B07F4CC00C2DD92 /* wildlights */,
				2B1945861B07F4CC00C2DD92 /* wildlightsTests */,
			);
		};
/* End PBXProject section */

/* Begin PBXResourcesBuildPhase section */
		2B19456D1B07F4CC00C2DD92 /* Resources */ = {
			isa = PBXResourcesBuildPhase;
			buildActionMask = 2147483647;
			files = (
				2B19457D1B07F4CC00C2DD92 /* Main.storyboard in Resources */,
				2B1945821B07F4CC00C2DD92 /* LaunchScreen.xib in Resources */,
				2B19457F1B07F4CC00C2DD92 /* Images.xcassets in Resources */,
			);
			runOnlyForDeploymentPostprocessing = 0;
		};
		2B1945851B07F4CC00C2DD92 /* Resources */ = {
			isa = PBXResourcesBuildPhase;
			buildActionMask = 2147483647;
			files = (
			);
			runOnlyForDeploymentPostprocessing = 0;
		};
/* End PBXResourcesBuildPhase section */

/* Begin PBXSourcesBuildPhase section */
		2B19456B1B07F4CC00C2DD92 /* Sources */ = {
			isa = PBXSourcesBuildPhase;
			buildActionMask = 2147483647;
			files = (
				2B1945A01B0806E900C2DD92 /* LedProgram.swift in Sources */,
				2B19457A1B07F4CC00C2DD92 /* ViewController.swift in Sources */,
				2B1945781B07F4CC00C2DD92 /* wildlights.xcdatamodeld in Sources */,
				2B19459A1B07F51900C2DD92 /* BTService.swift in Sources */,
				2B19459E1B0805DE00C2DD92 /* LedStrip.swift in Sources */,
				2B1945A21B092A7900C2DD92 /* LEDStreamService.swift in Sources */,
				2B94F6F51B0A192C00D6DDB3 /* DesktopCollectionViewController.swift in Sources */,
				2B1945991B07F51900C2DD92 /* BTDiscovery.swift in Sources */,
				2B94F6F81B0A1DF000D6DDB3 /* DeviceCollectionViewCell.swift in Sources */,
				2B1945751B07F4CC00C2DD92 /* AppDelegate.swift in Sources */,
			);
			runOnlyForDeploymentPostprocessing = 0;
		};
		2B1945831B07F4CC00C2DD92 /* Sources */ = {
			isa = PBXSourcesBuildPhase;
			buildActionMask = 2147483647;
			files = (
				2B19458E1B07F4CD00C2DD92 /* wildlightsTests.swift in Sources */,
			);
			runOnlyForDeploymentPostprocessing = 0;
		};
/* End PBXSourcesBuildPhase section */

/* Begin PBXTargetDependency section */
		2B1945891B07F4CC00C2DD92 /* PBXTargetDependency */ = {
			isa = PBXTargetDependency;
			target = 2B19456E1B07F4CC00C2DD92 /* wildlights */;
			targetProxy = 2B1945881B07F4CC00C2DD92 /* PBXContainerItemProxy */;
		};
/* End PBXTargetDependency section */

/* Begin PBXVariantGroup section */
		2B19457B1B07F4CC00C2DD92 /* Main.storyboard */ = {
			isa = PBXVariantGroup;
			children = (
				2B19457C1B07F4CC00C2DD92 /* Base */,
			);
			name = Main.storyboard;
			sourceTree = "<group>";
		};
		2B1945801B07F4CC00C2DD92 /* LaunchScreen.xib */ = {
			isa = PBXVariantGroup;
			children = (
				2B1945811B07F4CC00C2DD92 /* Base */,
			);
			name = LaunchScreen.xib;
			sourceTree = "<group>";
		};
/* End PBXVariantGroup section */

/* Begin XCBuildConfiguration section */
		2B19458F1B07F4CD00C2DD92 /* Debug */ = {
			isa = XCBuildConfiguration;
			buildSettings = {
				ALWAYS_SEARCH_USER_PATHS = NO;
				CLANG_CXX_LANGUAGE_STANDARD = "gnu++0x";
				CLANG_CXX_LIBRARY = "libc++";
				CLANG_ENABLE_MODULES = YES;
				CLANG_ENABLE_OBJC_ARC = YES;
				CLANG_WARN_BOOL_CONVERSION = YES;
				CLANG_WARN_CONSTANT_CONVERSION = YES;
				CLANG_WARN_DIRECT_OBJC_ISA_USAGE = YES_ERROR;
				CLANG_WARN_EMPTY_BODY = YES;
				CLANG_WARN_ENUM_CONVERSION = YES;
				CLANG_WARN_INT_CONVERSION = YES;
				CLANG_WARN_OBJC_ROOT_CLASS = YES_ERROR;
				CLANG_WARN_UNREACHABLE_CODE = YES;
				CLANG_WARN__DUPLICATE_METHOD_MATCH = YES;
				"CODE_SIGN_IDENTITY[sdk=iphoneos*]" = "iPhone Developer";
				COPY_PHASE_STRIP = NO;
				DEBUG_INFORMATION_FORMAT = "dwarf-with-dsym";
				ENABLE_STRICT_OBJC_MSGSEND = YES;
				GCC_C_LANGUAGE_STANDARD = gnu99;
				GCC_DYNAMIC_NO_PIC = NO;
				GCC_NO_COMMON_BLOCKS = YES;
				GCC_OPTIMIZATION_LEVEL = 0;
				GCC_PREPROCESSOR_DEFINITIONS = (
					"DEBUG=1",
					"$(inherited)",
				);
				GCC_SYMBOLS_PRIVATE_EXTERN = NO;
				GCC_WARN_64_TO_32_BIT_CONVERSION = YES;
				GCC_WARN_ABOUT_RETURN_TYPE = YES_ERROR;
				GCC_WARN_UNDECLARED_SELECTOR = YES;
				GCC_WARN_UNINITIALIZED_AUTOS = YES_AGGRESSIVE;
				GCC_WARN_UNUSED_FUNCTION = YES;
				GCC_WARN_UNUSED_VARIABLE = YES;
				IPHONEOS_DEPLOYMENT_TARGET = 8.3;
				MTL_ENABLE_DEBUG_INFO = YES;
				ONLY_ACTIVE_ARCH = YES;
				SDKROOT = iphoneos;
				SWIFT_OPTIMIZATION_LEVEL = "-Onone";
				TARGETED_DEVICE_FAMILY = "1,2";
			};
			name = Debug;
		};
		2B1945901B07F4CD00C2DD92 /* Release */ = {
			isa = XCBuildConfiguration;
			buildSettings = {
				ALWAYS_SEARCH_USER_PATHS = NO;
				CLANG_CXX_LANGUAGE_STANDARD = "gnu++0x";
				CLANG_CXX_LIBRARY = "libc++";
				CLANG_ENABLE_MODULES = YES;
				CLANG_ENABLE_OBJC_ARC = YES;
				CLANG_WARN_BOOL_CONVERSION = YES;
				CLANG_WARN_CONSTANT_CONVERSION = YES;
				CLANG_WARN_DIRECT_OBJC_ISA_USAGE = YES_ERROR;
				CLANG_WARN_EMPTY_BODY = YES;
				CLANG_WARN_ENUM_CONVERSION = YES;
				CLANG_WARN_INT_CONVERSION = YES;
				CLANG_WARN_OBJC_ROOT_CLASS = YES_ERROR;
				CLANG_WARN_UNREACHABLE_CODE = YES;
				CLANG_WARN__DUPLICATE_METHOD_MATCH = YES;
				"CODE_SIGN_IDENTITY[sdk=iphoneos*]" = "iPhone Developer";
				COPY_PHASE_STRIP = NO;
				DEBUG_INFORMATION_FORMAT = "dwarf-with-dsym";
				ENABLE_NS_ASSERTIONS = NO;
				ENABLE_STRICT_OBJC_MSGSEND = YES;
				GCC_C_LANGUAGE_STANDARD = gnu99;
				GCC_NO_COMMON_BLOCKS = YES;
				GCC_WARN_64_TO_32_BIT_CONVERSION = YES;
				GCC_WARN_ABOUT_RETURN_TYPE = YES_ERROR;
				GCC_WARN_UNDECLARED_SELECTOR = YES;
				GCC_WARN_UNINITIALIZED_AUTOS = YES_AGGRESSIVE;
				GCC_WARN_UNUSED_FUNCTION = YES;
				GCC_WARN_UNUSED_VARIABLE = YES;
				IPHONEOS_DEPLOYMENT_TARGET = 8.3;
				MTL_ENABLE_DEBUG_INFO = NO;
				SDKROOT = iphoneos;
				TARGETED_DEVICE_FAMILY = "1,2";
				VALIDATE_PRODUCT = YES;
			};
			name = Release;
		};
		2B1945921B07F4CD00C2DD92 /* Debug */ = {
			isa = XCBuildConfiguration;
			buildSettings = {
				ASSETCATALOG_COMPILER_APPICON_NAME = AppIcon;
				CODE_SIGN_IDENTITY = "iPhone Developer";
				INFOPLIST_FILE = wildlights/Info.plist;
				LD_RUNPATH_SEARCH_PATHS = "$(inherited) @executable_path/Frameworks";
				PRODUCT_NAME = "$(TARGET_NAME)";
			};
			name = Debug;
		};
		2B1945931B07F4CD00C2DD92 /* Release */ = {
			isa = XCBuildConfiguration;
			buildSettings = {
				ASSETCATALOG_COMPILER_APPICON_NAME = AppIcon;
				CODE_SIGN_IDENTITY = "iPhone Developer";
				INFOPLIST_FILE = wildlights/Info.plist;
				LD_RUNPATH_SEARCH_PATHS = "$(inherited) @executable_path/Frameworks";
				PRODUCT_NAME = "$(TARGET_NAME)";
			};
			name = Release;
		};
		2B1945951B07F4CD00C2DD92 /* Debug */ = {
			isa = XCBuildConfiguration;
			buildSettings = {
				BUNDLE_LOADER = "$(TEST_HOST)";
				FRAMEWORK_SEARCH_PATHS = (
					"$(SDKROOT)/Developer/Library/Frameworks",
					"$(inherited)",
				);
				GCC_PREPROCESSOR_DEFINITIONS = (
					"DEBUG=1",
					"$(inherited)",
				);
				INFOPLIST_FILE = wildlightsTests/Info.plist;
				LD_RUNPATH_SEARCH_PATHS = "$(inherited) @executable_path/Frameworks @loader_path/Frameworks";
				PRODUCT_NAME = "$(TARGET_NAME)";
				TEST_HOST = "$(BUILT_PRODUCTS_DIR)/wildlights.app/wildlights";
			};
			name = Debug;
		};
		2B1945961B07F4CD00C2DD92 /* Release */ = {
			isa = XCBuildConfiguration;
			buildSettings = {
				BUNDLE_LOADER = "$(TEST_HOST)";
				FRAMEWORK_SEARCH_PATHS = (
					"$(SDKROOT)/Developer/Library/Frameworks",
					"$(inherited)",
				);
				INFOPLIST_FILE = wildlightsTests/Info.plist;
				LD_RUNPATH_SEARCH_PATHS = "$(inherited) @executable_path/Frameworks @loader_path/Frameworks";
				PRODUCT_NAME = "$(TARGET_NAME)";
				TEST_HOST = "$(BUILT_PRODUCTS_DIR)/wildlights.app/wildlights";
			};
			name = Release;
		};
/* End XCBuildConfiguration section */

/* Begin XCConfigurationList section */
		2B19456A1B07F4CC00C2DD92 /* Build configuration list for PBXProject "wildlights" */ = {
			isa = XCConfigurationList;
			buildConfigurations = (
				2B19458F1B07F4CD00C2DD92 /* Debug */,
				2B1945901B07F4CD00C2DD92 /* Release */,
			);
			defaultConfigurationIsVisible = 0;
			defaultConfigurationName = Release;
		};
		2B1945911B07F4CD00C2DD92 /* Build configuration list for PBXNativeTarget "wildlights" */ = {
			isa = XCConfigurationList;
			buildConfigurations = (
				2B1945921B07F4CD00C2DD92 /* Debug */,
				2B1945931B07F4CD00C2DD92 /* Release */,
			);
			defaultConfigurationIsVisible = 0;
			defaultConfigurationName = Release;
		};
		2B1945941B07F4CD00C2DD92 /* Build configuration list for PBXNativeTarget "wildlightsTests" */ = {
			isa = XCConfigurationList;
			buildConfigurations = (
				2B1945951B07F4CD00C2DD92 /* Debug */,
				2B1945961B07F4CD00C2DD92 /* Release */,
			);
			defaultConfigurationIsVisible = 0;
			defaultConfigurationName = Release;
		};
/* End XCConfigurationList section */

/* Begin XCVersionGroup section */
		2B1945761B07F4CC00C2DD92 /* wildlights.xcdatamodeld */ = {
			isa = XCVersionGroup;
			children = (
				2B1945771B07F4CC00C2DD92 /* wildlights.xcdatamodel */,
			);
			currentVersion = 2B1945771B07F4CC00C2DD92 /* wildlights.xcdatamodel */;
			path = wildlights.xcdatamodeld;
			sourceTree = "<group>";
			versionGroupType = wrapper.xcdatamodel;
		};
/* End XCVersionGroup section */
	};
	rootObject = 2B1945671B07F4CC00C2DD92 /* Project object */;
}
